
Microsoft Visual Studio Solution File, Format Version 12.00
# Visual Studio Version 16
VisualStudioVersion = 16.0.29409.12
MinimumVisualStudioVersion = 10.0.40219.1
Project("{2150E333-8FDC-42A3-9474-1A3956D46DE8}") = "Core", "Core", "{72F64098-F0E3-405A-8A25-118EE8F8BA05}"
EndProject
Project("{2150E333-8FDC-42A3-9474-1A3956D46DE8}") = "CMS", "CMS", "{4093A133-5C79-4399-A776-B7D42EFA6405}"
EndProject
Project("{FAE04EC0-301F-11D3-BF4B-00C04F79EFBC}") = "JXCMS.Core", "Core\JXCMS.Core\JXCMS.Core.csproj", "{070AAAA9-246D-49FC-99BB-87EDCD86C480}"
EndProject
Project("{FAE04EC0-301F-11D3-BF4B-00C04F79EFBC}") = "JXCMS.CMS", "CMS\JXCMS.CMS\JXCMS.CMS.csproj", "{13963598-B0A8-4F53-9FA4-57F471B0DEAE}"
EndProject
Global
	GlobalSection(SolutionConfigurationPlatforms) = preSolution
		Debug|Any CPU = Debug|Any CPU
		Release|Any CPU = Release|Any CPU
	EndGlobalSection
	GlobalSection(ProjectConfigurationPlatforms) = postSolution
		{070AAAA9-246D-49FC-99BB-87EDCD86C480}.Debug|Any CPU.ActiveCfg = Debug|Any CPU
		{070AAAA9-246D-49FC-99BB-87EDCD86C480}.Debug|Any CPU.Build.0 = Debug|Any CPU
		{070AAAA9-246D-49FC-99BB-87EDCD86C480}.Release|Any CPU.ActiveCfg = Release|Any CPU
		{070AAAA9-246D-49FC-99BB-87EDCD86C480}.Release|Any CPU.Build.0 = Release|Any CPU
		{13963598-B0A8-4F53-9FA4-57F471B0DEAE}.Debug|Any CPU.ActiveCfg = Debug|Any CPU
		{13963598-B0A8-4F53-9FA4-57F471B0DEAE}.Debug|Any CPU.Build.0 = Debug|Any CPU
		{13963598-B0A8-4F53-9FA4-57F471B0DEAE}.Release|Any CPU.ActiveCfg = Release|Any CPU
		{13963598-B0A8-4F53-9FA4-57F471B0DEAE}.Release|Any CPU.Build.0 = Release|Any CPU
	EndGlobalSection
	GlobalSection(SolutionProperties) = preSolution
		HideSolutionNode = FALSE
	EndGlobalSection
	GlobalSection(NestedProjects) = preSolution
		{070AAAA9-246D-49FC-99BB-87EDCD86C480} = {72F64098-F0E3-405A-8A25-118EE8F8BA05}
		{13963598-B0A8-4F53-9FA4-57F471B0DEAE} = {4093A133-5C79-4399-A776-B7D42EFA6405}
	EndGlobalSection
	GlobalSection(ExtensibilityGlobals) = postSolution
		SolutionGuid = {17990EFC-E89A-4211-AC00-0FEF8DCEB0D7}
	EndGlobalSection
EndGlobal
